// !$*UTF8*$!
{
	archiveVersion = 1;
	classes = {
	};
	objectVersion = 55;
	objects = {

/* Begin PBXBuildFile section */
		A2AE446B504A466C48420A98 /* libPods-TestOCCGE.a in Frameworks */ = {isa = PBXBuildFile; fileRef = 4E9EE7E60220F392D2E8B97E /* libPods-TestOCCGE.a */; };
		D468DE8B2705AD2C00A62AF0 /* AppDelegate.m in Sources */ = {isa = PBXBuildFile; fileRef = D468DE8A2705AD2C00A62AF0 /* AppDelegate.m */; };
		D468DE8E2705AD2C00A62AF0 /* SceneDelegate.m in Sources */ = {isa = PBXBuildFile; fileRef = D468DE8D2705AD2C00A62AF0 /* SceneDelegate.m */; };
		D468DE912705AD2C00A62AF0 /* ViewController.mm in Sources */ = {isa = PBXBuildFile; fileRef = D468DE902705AD2C00A62AF0 /* ViewController.mm */; };
		D468DE942705AD2C00A62AF0 /* Main.storyboard in Resources */ = {isa = PBXBuildFile; fileRef = D468DE922705AD2C00A62AF0 /* Main.storyboard */; };
		D468DE962705AD2E00A62AF0 /* Assets.xcassets in Resources */ = {isa = PBXBuildFile; fileRef = D468DE952705AD2E00A62AF0 /* Assets.xcassets */; };
		D468DE992705AD2E00A62AF0 /* LaunchScreen.storyboard in Resources */ = {isa = PBXBuildFile; fileRef = D468DE972705AD2E00A62AF0 /* LaunchScreen.storyboard */; };
		D468DE9C2705AD2E00A62AF0 /* main.m in Sources */ = {isa = PBXBuildFile; fileRef = D468DE9B2705AD2E00A62AF0 /* main.m */; };
		D468DEA62705AD2E00A62AF0 /* TestOCCGETests.m in Sources */ = {isa = PBXBuildFile; fileRef = D468DEA52705AD2E00A62AF0 /* TestOCCGETests.m */; };
		D468DEB02705AD2F00A62AF0 /* TestOCCGEUITests.m in Sources */ = {isa = PBXBuildFile; fileRef = D468DEAF2705AD2F00A62AF0 /* TestOCCGEUITests.m */; };
		D468DEB22705AD2F00A62AF0 /* TestOCCGEUITestsLaunchTests.m in Sources */ = {isa = PBXBuildFile; fileRef = D468DEB12705AD2F00A62AF0 /* TestOCCGEUITestsLaunchTests.m */; };
		D468DEBF2705AEAB00A62AF0 /* meinv.jpg in Resources */ = {isa = PBXBuildFile; fileRef = D468DEBE2705AEAB00A62AF0 /* meinv.jpg */; };
		D468DEC12705B56700A62AF0 /* libc++.tbd in Frameworks */ = {isa = PBXBuildFile; fileRef = D468DEC02705B53C00A62AF0 /* libc++.tbd */; };
		D468DEC32705B57100A62AF0 /* ImageIO.framework in Frameworks */ = {isa = PBXBuildFile; fileRef = D468DEC22705B57100A62AF0 /* ImageIO.framework */; };
		D468DEC52705B57F00A62AF0 /* MobileCoreServices.framework in Frameworks */ = {isa = PBXBuildFile; fileRef = D468DEC42705B57F00A62AF0 /* MobileCoreServices.framework */; };
/* End PBXBuildFile section */

/* Begin PBXContainerItemProxy section */
		D468DEA22705AD2E00A62AF0 /* PBXContainerItemProxy */ = {
			isa = PBXContainerItemProxy;
			containerPortal = D468DE7E2705AD2C00A62AF0 /* Project object */;
			proxyType = 1;
			remoteGlobalIDString = D468DE852705AD2C00A62AF0;
			remoteInfo = TestOCCGE;
		};
		D468DEAC2705AD2F00A62AF0 /* PBXContainerItemProxy */ = {
			isa = PBXContainerItemProxy;
			containerPortal = D468DE7E2705AD2C00A62AF0 /* Project object */;
			proxyType = 1;
			remoteGlobalIDString = D468DE852705AD2C00A62AF0;
			remoteInfo = TestOCCGE;
		};
/* End PBXContainerItemProxy section */

/* Begin PBXFileReference section */
		44B350673B88A0D5EDD21ABD /* Pods-TestOCCGE.release.xcconfig */ = {isa = PBXFileReference; includeInIndex = 1; lastKnownFileType = text.xcconfig; name = "Pods-TestOCCGE.release.xcconfig"; path = "Target Support Files/Pods-TestOCCGE/Pods-TestOCCGE.release.xcconfig"; sourceTree = "<group>"; };
		4E9EE7E60220F392D2E8B97E /* libPods-TestOCCGE.a */ = {isa = PBXFileReference; explicitFileType = archive.ar; includeInIndex = 0; path = "libPods-TestOCCGE.a"; sourceTree = BUILT_PRODUCTS_DIR; };
		B819A279067CA01E9CDB7BDC /* Pods-TestOCCGE.debug.xcconfig */ = {isa = PBXFileReference; includeInIndex = 1; lastKnownFileType = text.xcconfig; name = "Pods-TestOCCGE.debug.xcconfig"; path = "Target Support Files/Pods-TestOCCGE/Pods-TestOCCGE.debug.xcconfig"; sourceTree = "<group>"; };
		D468DE862705AD2C00A62AF0 /* TestOCCGE.app */ = {isa = PBXFileReference; explicitFileType = wrapper.application; includeInIndex = 0; path = TestOCCGE.app; sourceTree = BUILT_PRODUCTS_DIR; };
		D468DE892705AD2C00A62AF0 /* AppDelegate.h */ = {isa = PBXFileReference; lastKnownFileType = sourcecode.c.h; path = AppDelegate.h; sourceTree = "<group>"; };
		D468DE8A2705AD2C00A62AF0 /* AppDelegate.m */ = {isa = PBXFileReference; lastKnownFileType = sourcecode.c.objc; path = AppDelegate.m; sourceTree = "<group>"; };
		D468DE8C2705AD2C00A62AF0 /* SceneDelegate.h */ = {isa = PBXFileReference; lastKnownFileType = sourcecode.c.h; path = SceneDelegate.h; sourceTree = "<group>"; };
		D468DE8D2705AD2C00A62AF0 /* SceneDelegate.m */ = {isa = PBXFileReference; lastKnownFileType = sourcecode.c.objc; path = SceneDelegate.m; sourceTree = "<group>"; };
		D468DE8F2705AD2C00A62AF0 /* ViewController.h */ = {isa = PBXFileReference; lastKnownFileType = sourcecode.c.h; path = ViewController.h; sourceTree = "<group>"; };
		D468DE902705AD2C00A62AF0 /* ViewController.mm */ = {isa = PBXFileReference; lastKnownFileType = sourcecode.cpp.objcpp; path = ViewController.mm; sourceTree = "<group>"; };
		D468DE932705AD2C00A62AF0 /* Base */ = {isa = PBXFileReference; lastKnownFileType = file.storyboard; name = Base; path = Base.lproj/Main.storyboard; sourceTree = "<group>"; };
		D468DE952705AD2E00A62AF0 /* Assets.xcassets */ = {isa = PBXFileReference; lastKnownFileType = folder.assetcatalog; path = Assets.xcassets; sourceTree = "<group>"; };
		D468DE982705AD2E00A62AF0 /* Base */ = {isa = PBXFileReference; lastKnownFileType = file.storyboard; name = Base; path = Base.lproj/LaunchScreen.storyboard; sourceTree = "<group>"; };
		D468DE9A2705AD2E00A62AF0 /* Info.plist */ = {isa = PBXFileReference; lastKnownFileType = text.plist.xml; path = Info.plist; sourceTree = "<group>"; };
		D468DE9B2705AD2E00A62AF0 /* main.m */ = {isa = PBXFileReference; lastKnownFileType = sourcecode.c.objc; path = main.m; sourceTree = "<group>"; };
		D468DEA12705AD2E00A62AF0 /* TestOCCGETests.xctest */ = {isa = PBXFileReference; explicitFileType = wrapper.cfbundle; includeInIndex = 0; path = TestOCCGETests.xctest; sourceTree = BUILT_PRODUCTS_DIR; };
		D468DEA52705AD2E00A62AF0 /* TestOCCGETests.m */ = {isa = PBXFileReference; lastKnownFileType = sourcecode.c.objc; path = TestOCCGETests.m; sourceTree = "<group>"; };
		D468DEAB2705AD2F00A62AF0 /* TestOCCGEUITests.xctest */ = {isa = PBXFileReference; explicitFileType = wrapper.cfbundle; includeInIndex = 0; path = TestOCCGEUITests.xctest; sourceTree = BUILT_PRODUCTS_DIR; };
		D468DEAF2705AD2F00A62AF0 /* TestOCCGEUITests.m */ = {isa = PBXFileReference; lastKnownFileType = sourcecode.c.objc; path = TestOCCGEUITests.m; sourceTree = "<group>"; };
		D468DEB12705AD2F00A62AF0 /* TestOCCGEUITestsLaunchTests.m */ = {isa = PBXFileReference; lastKnownFileType = sourcecode.c.objc; path = TestOCCGEUITestsLaunchTests.m; sourceTree = "<group>"; };
		D468DEBE2705AEAB00A62AF0 /* meinv.jpg */ = {isa = PBXFileReference; lastKnownFileType = image.jpeg; path = meinv.jpg; sourceTree = "<group>"; };
		D468DEC02705B53C00A62AF0 /* libc++.tbd */ = {isa = PBXFileReference; lastKnownFileType = "sourcecode.text-based-dylib-definition"; name = "libc++.tbd"; path = "usr/lib/libc++.tbd"; sourceTree = SDKROOT; };
		D468DEC22705B57100A62AF0 /* ImageIO.framework */ = {isa = PBXFileReference; lastKnownFileType = wrapper.framework; name = ImageIO.framework; path = System/Library/Frameworks/ImageIO.framework; sourceTree = SDKROOT; };
		D468DEC42705B57F00A62AF0 /* MobileCoreServices.framework */ = {isa = PBXFileReference; lastKnownFileType = wrapper.framework; name = MobileCoreServices.framework; path = System/Library/Frameworks/MobileCoreServices.framework; sourceTree = SDKROOT; };
/* End PBXFileReference section */

/* Begin PBXFrameworksBuildPhase section */
		D468DE832705AD2C00A62AF0 /* Frameworks */ = {
			isa = PBXFrameworksBuildPhase;
			buildActionMask = 2147483647;
			files = (
				D468DEC12705B56700A62AF0 /* libc++.tbd in Frameworks */,
				D468DEC52705B57F00A62AF0 /* MobileCoreServices.framework in Frameworks */,
				A2AE446B504A466C48420A98 /* libPods-TestOCCGE.a in Frameworks */,
				D468DEC32705B57100A62AF0 /* ImageIO.framework in Frameworks */,
			);
			runOnlyForDeploymentPostprocessing = 0;
		};
		D468DE9E2705AD2E00A62AF0 /* Frameworks */ = {
			isa = PBXFrameworksBuildPhase;
			buildActionMask = 2147483647;
			files = (
			);
			runOnlyForDeploymentPostprocessing = 0;
		};
		D468DEA82705AD2F00A62AF0 /* Frameworks */ = {
			isa = PBXFrameworksBuildPhase;
			buildActionMask = 2147483647;
			files = (
			);
			runOnlyForDeploymentPostprocessing = 0;
		};
/* End PBXFrameworksBuildPhase section */

/* Begin PBXGroup section */
		29FB6BCC867E81A1A12A414B /* Frameworks */ = {
			isa = PBXGroup;
			children = (
				D468DEC42705B57F00A62AF0 /* MobileCoreServices.framework */,
				D468DEC22705B57100A62AF0 /* ImageIO.framework */,
				D468DEC02705B53C00A62AF0 /* libc++.tbd */,
				4E9EE7E60220F392D2E8B97E /* libPods-TestOCCGE.a */,
			);
			name = Frameworks;
			sourceTree = "<group>";
		};
		D468DE7D2705AD2C00A62AF0 = {
			isa = PBXGroup;
			children = (
				D468DE882705AD2C00A62AF0 /* TestOCCGE */,
				D468DEA42705AD2E00A62AF0 /* TestOCCGETests */,
				D468DEAE2705AD2F00A62AF0 /* TestOCCGEUITests */,
				D468DE872705AD2C00A62AF0 /* Products */,
				E8EB7748A7DF8501C6FC53F8 /* Pods */,
				29FB6BCC867E81A1A12A414B /* Frameworks */,
			);
			sourceTree = "<group>";
		};
		D468DE872705AD2C00A62AF0 /* Products */ = {
			isa = PBXGroup;
			children = (
				D468DE862705AD2C00A62AF0 /* TestOCCGE.app */,
				D468DEA12705AD2E00A62AF0 /* TestOCCGETests.xctest */,
				D468DEAB2705AD2F00A62AF0 /* TestOCCGEUITests.xctest */,
			);
			name = Products;
			sourceTree = "<group>";
		};
		D468DE882705AD2C00A62AF0 /* TestOCCGE */ = {
			isa = PBXGroup;
			children = (
				D468DEBE2705AEAB00A62AF0 /* meinv.jpg */,
				D468DE892705AD2C00A62AF0 /* AppDelegate.h */,
				D468DE8A2705AD2C00A62AF0 /* AppDelegate.m */,
				D468DE8C2705AD2C00A62AF0 /* SceneDelegate.h */,
				D468DE8D2705AD2C00A62AF0 /* SceneDelegate.m */,
				D468DE8F2705AD2C00A62AF0 /* ViewController.h */,
				D468DE902705AD2C00A62AF0 /* ViewController.mm */,
				D468DE922705AD2C00A62AF0 /* Main.storyboard */,
				D468DE952705AD2E00A62AF0 /* Assets.xcassets */,
				D468DE972705AD2E00A62AF0 /* LaunchScreen.storyboard */,
				D468DE9A2705AD2E00A62AF0 /* Info.plist */,
				D468DE9B2705AD2E00A62AF0 /* main.m */,
			);
			path = TestOCCGE;
			sourceTree = "<group>";
		};
		D468DEA42705AD2E00A62AF0 /* TestOCCGETests */ = {
			isa = PBXGroup;
			children = (
				D468DEA52705AD2E00A62AF0 /* TestOCCGETests.m */,
			);
			path = TestOCCGETests;
			sourceTree = "<group>";
		};
		D468DEAE2705AD2F00A62AF0 /* TestOCCGEUITests */ = {
			isa = PBXGroup;
			children = (
				D468DEAF2705AD2F00A62AF0 /* TestOCCGEUITests.m */,
				D468DEB12705AD2F00A62AF0 /* TestOCCGEUITestsLaunchTests.m */,
			);
			path = TestOCCGEUITests;
			sourceTree = "<group>";
		};
		E8EB7748A7DF8501C6FC53F8 /* Pods */ = {
			isa = PBXGroup;
			children = (
				B819A279067CA01E9CDB7BDC /* Pods-TestOCCGE.debug.xcconfig */,
				44B350673B88A0D5EDD21ABD /* Pods-TestOCCGE.release.xcconfig */,
			);
			path = Pods;
			sourceTree = "<group>";
		};
/* End PBXGroup section */

/* Begin PBXNativeTarget section */
		D468DE852705AD2C00A62AF0 /* TestOCCGE */ = {
			isa = PBXNativeTarget;
			buildConfigurationList = D468DEB52705AD2F00A62AF0 /* Build configuration list for PBXNativeTarget "TestOCCGE" */;
			buildPhases = (
				CFCBDCD9F00072F8FA83C478 /* [CP] Check Pods Manifest.lock */,
				D468DE822705AD2C00A62AF0 /* Sources */,
				D468DE832705AD2C00A62AF0 /* Frameworks */,
				D468DE842705AD2C00A62AF0 /* Resources */,
			);
			buildRules = (
			);
			dependencies = (
			);
			name = TestOCCGE;
			productName = TestOCCGE;
			productReference = D468DE862705AD2C00A62AF0 /* TestOCCGE.app */;
			productType = "com.apple.product-type.application";
		};
		D468DEA02705AD2E00A62AF0 /* TestOCCGETests */ = {
			isa = PBXNativeTarget;
			buildConfigurationList = D468DEB82705AD2F00A62AF0 /* Build configuration list for PBXNativeTarget "TestOCCGETests" */;
			buildPhases = (
				D468DE9D2705AD2E00A62AF0 /* Sources */,
				D468DE9E2705AD2E00A62AF0 /* Frameworks */,
				D468DE9F2705AD2E00A62AF0 /* Resources */,
			);
			buildRules = (
			);
			dependencies = (
				D468DEA32705AD2E00A62AF0 /* PBXTargetDependency */,
			);
			name = TestOCCGETests;
			productName = TestOCCGETests;
			productReference = D468DEA12705AD2E00A62AF0 /* TestOCCGETests.xctest */;
			productType = "com.apple.product-type.bundle.unit-test";
		};
		D468DEAA2705AD2F00A62AF0 /* TestOCCGEUITests */ = {
			isa = PBXNativeTarget;
			buildConfigurationList = D468DEBB2705AD2F00A62AF0 /* Build configuration list for PBXNativeTarget "TestOCCGEUITests" */;
			buildPhases = (
				D468DEA72705AD2F00A62AF0 /* Sources */,
				D468DEA82705AD2F00A62AF0 /* Frameworks */,
				D468DEA92705AD2F00A62AF0 /* Resources */,
			);
			buildRules = (
			);
			dependencies = (
				D468DEAD2705AD2F00A62AF0 /* PBXTargetDependency */,
			);
			name = TestOCCGEUITests;
			productName = TestOCCGEUITests;
			productReference = D468DEAB2705AD2F00A62AF0 /* TestOCCGEUITests.xctest */;
			productType = "com.apple.product-type.bundle.ui-testing";
		};
/* End PBXNativeTarget section */

/* Begin PBXProject section */
		D468DE7E2705AD2C00A62AF0 /* Project object */ = {
			isa = PBXProject;
			attributes = {
				BuildIndependentTargetsInParallel = 1;
				LastUpgradeCheck = 1300;
				TargetAttributes = {
					D468DE852705AD2C00A62AF0 = {
						CreatedOnToolsVersion = 13.0;
					};
					D468DEA02705AD2E00A62AF0 = {
						CreatedOnToolsVersion = 13.0;
						TestTargetID = D468DE852705AD2C00A62AF0;
					};
					D468DEAA2705AD2F00A62AF0 = {
						CreatedOnToolsVersion = 13.0;
						TestTargetID = D468DE852705AD2C00A62AF0;
					};
				};
			};
			buildConfigurationList = D468DE812705AD2C00A62AF0 /* Build configuration list for PBXProject "TestOCCGE" */;
			compatibilityVersion = "Xcode 13.0";
			developmentRegion = en;
			hasScannedForEncodings = 0;
			knownRegions = (
				en,
				Base,
			);
			mainGroup = D468DE7D2705AD2C00A62AF0;
			productRefGroup = D468DE872705AD2C00A62AF0 /* Products */;
			projectDirPath = "";
			projectRoot = "";
			targets = (
				D468DE852705AD2C00A62AF0 /* TestOCCGE */,
				D468DEA02705AD2E00A62AF0 /* TestOCCGETests */,
				D468DEAA2705AD2F00A62AF0 /* TestOCCGEUITests */,
			);
		};
/* End PBXProject section */

/* Begin PBXResourcesBuildPhase section */
		D468DE842705AD2C00A62AF0 /* Resources */ = {
			isa = PBXResourcesBuildPhase;
			buildActionMask = 2147483647;
			files = (
				D468DE992705AD2E00A62AF0 /* LaunchScreen.storyboard in Resources */,
				D468DE962705AD2E00A62AF0 /* Assets.xcassets in Resources */,
				D468DE942705AD2C00A62AF0 /* Main.storyboard in Resources */,
				D468DEBF2705AEAB00A62AF0 /* meinv.jpg in Resources */,
			);
			runOnlyForDeploymentPostprocessing = 0;
		};
		D468DE9F2705AD2E00A62AF0 /* Resources */ = {
			isa = PBXResourcesBuildPhase;
			buildActionMask = 2147483647;
			files = (
			);
			runOnlyForDeploymentPostprocessing = 0;
		};
		D468DEA92705AD2F00A62AF0 /* Resources */ = {
			isa = PBXResourcesBuildPhase;
			buildActionMask = 2147483647;
			files = (
			);
			runOnlyForDeploymentPostprocessing = 0;
		};
/* End PBXResourcesBuildPhase section */

/* Begin PBXShellScriptBuildPhase section */
		CFCBDCD9F00072F8FA83C478 /* [CP] Check Pods Manifest.lock */ = {
			isa = PBXShellScriptBuildPhase;
			buildActionMask = 2147483647;
			files = (
			);
			inputFileListPaths = (
			);
			inputPaths = (
				"${PODS_PODFILE_DIR_PATH}/Podfile.lock",
				"${PODS_ROOT}/Manifest.lock",
			);
			name = "[CP] Check Pods Manifest.lock";
			outputFileListPaths = (
			);
			outputPaths = (
				"$(DERIVED_FILE_DIR)/Pods-TestOCCGE-checkManifestLockResult.txt",
			);
			runOnlyForDeploymentPostprocessing = 0;
			shellPath = /bin/sh;
			shellScript = "diff \"${PODS_PODFILE_DIR_PATH}/Podfile.lock\" \"${PODS_ROOT}/Manifest.lock\" > /dev/null\nif [ $? != 0 ] ; then\n    # print error to STDERR\n    echo \"error: The sandbox is not in sync with the Podfile.lock. Run 'pod install' or update your CocoaPods installation.\" >&2\n    exit 1\nfi\n# This output is used by Xcode 'outputs' to avoid re-running this script phase.\necho \"SUCCESS\" > \"${SCRIPT_OUTPUT_FILE_0}\"\n";
			showEnvVarsInLog = 0;
		};
/* End PBXShellScriptBuildPhase section */

/* Begin PBXSourcesBuildPhase section */
		D468DE822705AD2C00A62AF0 /* Sources */ = {
			isa = PBXSourcesBuildPhase;
			buildActionMask = 2147483647;
			files = (
				D468DE912705AD2C00A62AF0 /* ViewController.mm in Sources */,
				D468DE8B2705AD2C00A62AF0 /* AppDelegate.m in Sources */,
				D468DE9C2705AD2E00A62AF0 /* main.m in Sources */,
				D468DE8E2705AD2C00A62AF0 /* SceneDelegate.m in Sources */,
			);
			runOnlyForDeploymentPostprocessing = 0;
		};
		D468DE9D2705AD2E00A62AF0 /* Sources */ = {
			isa = PBXSourcesBuildPhase;
			buildActionMask = 2147483647;
			files = (
				D468DEA62705AD2E00A62AF0 /* TestOCCGETests.m in Sources */,
			);
			runOnlyForDeploymentPostprocessing = 0;
		};
		D468DEA72705AD2F00A62AF0 /* Sources */ = {
			isa = PBXSourcesBuildPhase;
			buildActionMask = 2147483647;
			files = (
				D468DEB22705AD2F00A62AF0 /* TestOCCGEUITestsLaunchTests.m in Sources */,
				D468DEB02705AD2F00A62AF0 /* TestOCCGEUITests.m in Sources */,
			);
			runOnlyForDeploymentPostprocessing = 0;
		};
/* End PBXSourcesBuildPhase section */

/* Begin PBXTargetDependency section */
		D468DEA32705AD2E00A62AF0 /* PBXTargetDependency */ = {
			isa = PBXTargetDependency;
			target = D468DE852705AD2C00A62AF0 /* TestOCCGE */;
			targetProxy = D468DEA22705AD2E00A62AF0 /* PBXContainerItemProxy */;
		};
		D468DEAD2705AD2F00A62AF0 /* PBXTargetDependency */ = {
			isa = PBXTargetDependency;
			target = D468DE852705AD2C00A62AF0 /* TestOCCGE */;
			targetProxy = D468DEAC2705AD2F00A62AF0 /* PBXContainerItemProxy */;
		};
/* End PBXTargetDependency section */

/* Begin PBXVariantGroup section */
		D468DE922705AD2C00A62AF0 /* Main.storyboard */ = {
			isa = PBXVariantGroup;
			children = (
				D468DE932705AD2C00A62AF0 /* Base */,
			);
			name = Main.storyboard;
			sourceTree = "<group>";
		};
		D468DE972705AD2E00A62AF0 /* LaunchScreen.storyboard */ = {
			isa = PBXVariantGroup;
			children = (
				D468DE982705AD2E00A62AF0 /* Base */,
			);
			name = LaunchScreen.storyboard;
			sourceTree = "<group>";
		};
/* End PBXVariantGroup section */

/* Begin XCBuildConfiguration section */
		D468DEB32705AD2F00A62AF0 /* Debug */ = {
			isa = XCBuildConfiguration;
			buildSettings = {
				ALWAYS_SEARCH_USER_PATHS = NO;
				CLANG_ANALYZER_NONNULL = YES;
				CLANG_ANALYZER_NUMBER_OBJECT_CONVERSION = YES_AGGRESSIVE;
				CLANG_CXX_LANGUAGE_STANDARD = "gnu++17";
				CLANG_CXX_LIBRARY = "libc++";
				CLANG_ENABLE_MODULES = YES;
				CLANG_ENABLE_OBJC_ARC = YES;
				CLANG_ENABLE_OBJC_WEAK = YES;
				CLANG_WARN_BLOCK_CAPTURE_AUTORELEASING = YES;
				CLANG_WARN_BOOL_CONVERSION = YES;
				CLANG_WARN_COMMA = YES;
				CLANG_WARN_CONSTANT_CONVERSION = YES;
				CLANG_WARN_DEPRECATED_OBJC_IMPLEMENTATIONS = YES;
				CLANG_WARN_DIRECT_OBJC_ISA_USAGE = YES_ERROR;
				CLANG_WARN_DOCUMENTATION_COMMENTS = YES;
				CLANG_WARN_EMPTY_BODY = YES;
				CLANG_WARN_ENUM_CONVERSION = YES;
				CLANG_WARN_INFINITE_RECURSION = YES;
				CLANG_WARN_INT_CONVERSION = YES;
				CLANG_WARN_NON_LITERAL_NULL_CONVERSION = YES;
				CLANG_WARN_OBJC_IMPLICIT_RETAIN_SELF = YES;
				CLANG_WARN_OBJC_LITERAL_CONVERSION = YES;
				CLANG_WARN_OBJC_ROOT_CLASS = YES_ERROR;
				CLANG_WARN_QUOTED_INCLUDE_IN_FRAMEWORK_HEADER = YES;
				CLANG_WARN_RANGE_LOOP_ANALYSIS = YES;
				CLANG_WARN_STRICT_PROTOTYPES = YES;
				CLANG_WARN_SUSPICIOUS_MOVE = YES;
				CLANG_WARN_UNGUARDED_AVAILABILITY = YES_AGGRESSIVE;
				CLANG_WARN_UNREACHABLE_CODE = YES;
				CLANG_WARN__DUPLICATE_METHOD_MATCH = YES;
				COPY_PHASE_STRIP = NO;
				DEBUG_INFORMATION_FORMAT = dwarf;
				ENABLE_STRICT_OBJC_MSGSEND = YES;
				ENABLE_TESTABILITY = YES;
				GCC_C_LANGUAGE_STANDARD = gnu11;
				GCC_DYNAMIC_NO_PIC = NO;
				GCC_NO_COMMON_BLOCKS = YES;
				GCC_OPTIMIZATION_LEVEL = 0;
				GCC_PREPROCESSOR_DEFINITIONS = (
					"DEBUG=1",
					"$(inherited)",
				);
				GCC_WARN_64_TO_32_BIT_CONVERSION = YES;
				GCC_WARN_ABOUT_RETURN_TYPE = YES_ERROR;
				GCC_WARN_UNDECLARED_SELECTOR = YES;
				GCC_WARN_UNINITIALIZED_AUTOS = YES_AGGRESSIVE;
				GCC_WARN_UNUSED_FUNCTION = YES;
				GCC_WARN_UNUSED_VARIABLE = YES;
				IPHONEOS_DEPLOYMENT_TARGET = 15.0;
				MTL_ENABLE_DEBUG_INFO = INCLUDE_SOURCE;
				MTL_FAST_MATH = YES;
				ONLY_ACTIVE_ARCH = YES;
				SDKROOT = iphoneos;
			};
			name = Debug;
		};
		D468DEB42705AD2F00A62AF0 /* Release */ = {
			isa = XCBuildConfiguration;
			buildSettings = {
				ALWAYS_SEARCH_USER_PATHS = NO;
				CLANG_ANALYZER_NONNULL = YES;
				CLANG_ANALYZER_NUMBER_OBJECT_CONVERSION = YES_AGGRESSIVE;
				CLANG_CXX_LANGUAGE_STANDARD = "gnu++17";
				CLANG_CXX_LIBRARY = "libc++";
				CLANG_ENABLE_MODULES = YES;
				CLANG_ENABLE_OBJC_ARC = YES;
				CLANG_ENABLE_OBJC_WEAK = YES;
				CLANG_WARN_BLOCK_CAPTURE_AUTORELEASING = YES;
				CLANG_WARN_BOOL_CONVERSION = YES;
				CLANG_WARN_COMMA = YES;
				CLANG_WARN_CONSTANT_CONVERSION = YES;
				CLANG_WARN_DEPRECATED_OBJC_IMPLEMENTATIONS = YES;
				CLANG_WARN_DIRECT_OBJC_ISA_USAGE = YES_ERROR;
				CLANG_WARN_DOCUMENTATION_COMMENTS = YES;
				CLANG_WARN_EMPTY_BODY = YES;
				CLANG_WARN_ENUM_CONVERSION = YES;
				CLANG_WARN_INFINITE_RECURSION = YES;
				CLANG_WARN_INT_CONVERSION = YES;
				CLANG_WARN_NON_LITERAL_NULL_CONVERSION = YES;
				CLANG_WARN_OBJC_IMPLICIT_RETAIN_SELF = YES;
				CLANG_WARN_OBJC_LITERAL_CONVERSION = YES;
				CLANG_WARN_OBJC_ROOT_CLASS = YES_ERROR;
				CLANG_WARN_QUOTED_INCLUDE_IN_FRAMEWORK_HEADER = YES;
				CLANG_WARN_RANGE_LOOP_ANALYSIS = YES;
				CLANG_WARN_STRICT_PROTOTYPES = YES;
				CLANG_WARN_SUSPICIOUS_MOVE = YES;
				CLANG_WARN_UNGUARDED_AVAILABILITY = YES_AGGRESSIVE;
				CLANG_WARN_UNREACHABLE_CODE = YES;
				CLANG_WARN__DUPLICATE_METHOD_MATCH = YES;
				COPY_PHASE_STRIP = NO;
				DEBUG_INFORMATION_FORMAT = "dwarf-with-dsym";
				ENABLE_NS_ASSERTIONS = NO;
				ENABLE_STRICT_OBJC_MSGSEND = YES;
				GCC_C_LANGUAGE_STANDARD = gnu11;
				GCC_NO_COMMON_BLOCKS = YES;
				GCC_WARN_64_TO_32_BIT_CONVERSION = YES;
				GCC_WARN_ABOUT_RETURN_TYPE = YES_ERROR;
				GCC_WARN_UNDECLARED_SELECTOR = YES;
				GCC_WARN_UNINITIALIZED_AUTOS = YES_AGGRESSIVE;
				GCC_WARN_UNUSED_FUNCTION = YES;
				GCC_WARN_UNUSED_VARIABLE = YES;
				IPHONEOS_DEPLOYMENT_TARGET = 15.0;
				MTL_ENABLE_DEBUG_INFO = NO;
				MTL_FAST_MATH = YES;
				SDKROOT = iphoneos;
				VALIDATE_PRODUCT = YES;
			};
			name = Release;
		};
		D468DEB62705AD2F00A62AF0 /* Debug */ = {
			isa = XCBuildConfiguration;
			baseConfigurationReference = B819A279067CA01E9CDB7BDC /* Pods-TestOCCGE.debug.xcconfig */;
			buildSettings = {
				ASSETCATALOG_COMPILER_APPICON_NAME = AppIcon;
				ASSETCATALOG_COMPILER_GLOBAL_ACCENT_COLOR_NAME = AccentColor;
				CODE_SIGN_STYLE = Automatic;
				CURRENT_PROJECT_VERSION = 1;
				DEVELOPMENT_TEAM = 3YX685JJS3;
				GENERATE_INFOPLIST_FILE = YES;
				INFOPLIST_FILE = TestOCCGE/Info.plist;
				INFOPLIST_KEY_UIApplicationSupportsIndirectInputEvents = YES;
				INFOPLIST_KEY_UILaunchStoryboardName = LaunchScreen;
				INFOPLIST_KEY_UIMainStoryboardFile = Main;
				INFOPLIST_KEY_UISupportedInterfaceOrientations_iPad = "UIInterfaceOrientationPortrait UIInterfaceOrientationPortraitUpsideDown UIInterfaceOrientationLandscapeLeft UIInterfaceOrientationLandscapeRight";
				INFOPLIST_KEY_UISupportedInterfaceOrientations_iPhone = "UIInterfaceOrientationPortrait UIInterfaceOrientationLandscapeLeft UIInterfaceOrientationLandscapeRight";
				IPHONEOS_DEPLOYMENT_TARGET = 12.1;
				LD_RUNPATH_SEARCH_PATHS = (
					"$(inherited)",
					"@executable_path/Frameworks",
				);
				MARKETING_VERSION = 1.0;
				PRODUCT_BUNDLE_IDENTIFIER = com.sundaysios.TestOCCGE;
				PRODUCT_NAME = "$(TARGET_NAME)";
				SWIFT_EMIT_LOC_STRINGS = YES;
				TARGETED_DEVICE_FAMILY = "1,2";
			};
			name = Debug;
		};
		D468DEB72705AD2F00A62AF0 /* Release */ = {
			isa = XCBuildConfiguration;
			baseConfigurationReference = 44B350673B88A0D5EDD21ABD /* Pods-TestOCCGE.release.xcconfig */;
			buildSettings = {
				ASSETCATALOG_COMPILER_APPICON_NAME = AppIcon;
				ASSETCATALOG_COMPILER_GLOBAL_ACCENT_COLOR_NAME = AccentColor;
				CODE_SIGN_STYLE = Automatic;
				CURRENT_PROJECT_VERSION = 1;
				DEVELOPMENT_TEAM = 3YX685JJS3;
				GENERATE_INFOPLIST_FILE = YES;
				INFOPLIST_FILE = TestOCCGE/Info.plist;
				INFOPLIST_KEY_UIApplicationSupportsIndirectInputEvents = YES;
				INFOPLIST_KEY_UILaunchStoryboardName = LaunchScreen;
				INFOPLIST_KEY_UIMainStoryboardFile = Main;
				INFOPLIST_KEY_UISupportedInterfaceOrientations_iPad = "UIInterfaceOrientationPortrait UIInterfaceOrientationPortraitUpsideDown UIInterfaceOrientationLandscapeLeft UIInterfaceOrientationLandscapeRight";
				INFOPLIST_KEY_UISupportedInterfaceOrientations_iPhone = "UIInterfaceOrientationPortrait UIInterfaceOrientationLandscapeLeft UIInterfaceOrientationLandscapeRight";
				IPHONEOS_DEPLOYMENT_TARGET = 12.1;
				LD_RUNPATH_SEARCH_PATHS = (
					"$(inherited)",
					"@executable_path/Frameworks",
				);
				MARKETING_VERSION = 1.0;
				PRODUCT_BUNDLE_IDENTIFIER = com.sundaysios.TestOCCGE;
				PRODUCT_NAME = "$(TARGET_NAME)";
				SWIFT_EMIT_LOC_STRINGS = YES;
				TARGETED_DEVICE_FAMILY = "1,2";
			};
			name = Release;
		};
		D468DEB92705AD2F00A62AF0 /* Debug */ = {
			isa = XCBuildConfiguration;
			buildSettings = {
				BUNDLE_LOADER = "$(TEST_HOST)";
				CODE_SIGN_STYLE = Automatic;
				CURRENT_PROJECT_VERSION = 1;
				DEVELOPMENT_TEAM = 3YX685JJS3;
				GENERATE_INFOPLIST_FILE = YES;
				IPHONEOS_DEPLOYMENT_TARGET = 15.0;
				LD_RUNPATH_SEARCH_PATHS = (
					"$(inherited)",
					"@executable_path/Frameworks",
					"@loader_path/Frameworks",
				);
				MARKETING_VERSION = 1.0;
				PRODUCT_BUNDLE_IDENTIFIER = com.sundaysios.TestOCCGETests;
				PRODUCT_NAME = "$(TARGET_NAME)";
				SWIFT_EMIT_LOC_STRINGS = NO;
				TARGETED_DEVICE_FAMILY = "1,2";
				TEST_HOST = "$(BUILT_PRODUCTS_DIR)/TestOCCGE.app/TestOCCGE";
			};
			name = Debug;
		};
		D468DEBA2705AD2F00A62AF0 /* Release */ = {
			isa = XCBuildConfiguration;
			buildSettings = {
				BUNDLE_LOADER = "$(TEST_HOST)";
				CODE_SIGN_STYLE = Automatic;
				CURRENT_PROJECT_VERSION = 1;
				DEVELOPMENT_TEAM = 3YX685JJS3;
				GENERATE_INFOPLIST_FILE = YES;
				IPHONEOS_DEPLOYMENT_TARGET = 15.0;
				LD_RUNPATH_SEARCH_PATHS = (
					"$(inherited)",
					"@executable_path/Frameworks",
					"@loader_path/Frameworks",
				);
				MARKETING_VERSION = 1.0;
				PRODUCT_BUNDLE_IDENTIFIER = com.sundaysios.TestOCCGETests;
				PRODUCT_NAME = "$(TARGET_NAME)";
				SWIFT_EMIT_LOC_STRINGS = NO;
				TARGETED_DEVICE_FAMILY = "1,2";
				TEST_HOST = "$(BUILT_PRODUCTS_DIR)/TestOCCGE.app/TestOCCGE";
			};
			name = Release;
		};
		D468DEBC2705AD2F00A62AF0 /* Debug */ = {
			isa = XCBuildConfiguration;
			buildSettings = {
				CODE_SIGN_STYLE = Automatic;
				CURRENT_PROJECT_VERSION = 1;
				DEVELOPMENT_TEAM = 3YX685JJS3;
				GENERATE_INFOPLIST_FILE = YES;
				LD_RUNPATH_SEARCH_PATHS = (
					"$(inherited)",
					"@executable_path/Frameworks",
					"@loader_path/Frameworks",
				);
				MARKETING_VERSION = 1.0;
				PRODUCT_BUNDLE_IDENTIFIER = com.sundaysios.TestOCCGEUITests;
				PRODUCT_NAME = "$(TARGET_NAME)";
				SWIFT_EMIT_LOC_STRINGS = NO;
				TARGETED_DEVICE_FAMILY = "1,2";
				TEST_TARGET_NAME = TestOCCGE;
			};
			name = Debug;
		};
		D468DEBD2705AD2F00A62AF0 /* Release */ = {
			isa = XCBuildConfiguration;
			buildSettings = {
				CODE_SIGN_STYLE = Automatic;
				CURRENT_PROJECT_VERSION = 1;
				DEVELOPMENT_TEAM = 3YX685JJS3;
				GENERATE_INFOPLIST_FILE = YES;
				LD_RUNPATH_SEARCH_PATHS = (
					"$(inherited)",
					"@executable_path/Frameworks",
					"@loader_path/Frameworks",
				);
				MARKETING_VERSION = 1.0;
				PRODUCT_BUNDLE_IDENTIFIER = com.sundaysios.TestOCCGEUITests;
				PRODUCT_NAME = "$(TARGET_NAME)";
				SWIFT_EMIT_LOC_STRINGS = NO;
				TARGETED_DEVICE_FAMILY = "1,2";
				TEST_TARGET_NAME = TestOCCGE;
			};
			name = Release;
		};
/* End XCBuildConfiguration section */

/* Begin XCConfigurationList section */
		D468DE812705AD2C00A62AF0 /* Build configuration list for PBXProject "TestOCCGE" */ = {
			isa = XCConfigurationList;
			buildConfigurations = (
				D468DEB32705AD2F00A62AF0 /* Debug */,
				D468DEB42705AD2F00A62AF0 /* Release */,
			);
			defaultConfigurationIsVisible = 0;
			defaultConfigurationName = Release;
		};
		D468DEB52705AD2F00A62AF0 /* Build configuration list for PBXNativeTarget "TestOCCGE" */ = {
			isa = XCConfigurationList;
			buildConfigurations = (
				D468DEB62705AD2F00A62AF0 /* Debug */,
				D468DEB72705AD2F00A62AF0 /* Release */,
			);
			defaultConfigurationIsVisible = 0;
			defaultConfigurationName = Release;
		};
		D468DEB82705AD2F00A62AF0 /* Build configuration list for PBXNativeTarget "TestOCCGETests" */ = {
			isa = XCConfigurationList;
			buildConfigurations = (
				D468DEB92705AD2F00A62AF0 /* Debug */,
				D468DEBA2705AD2F00A62AF0 /* Release */,
			);
			defaultConfigurationIsVisible = 0;
			defaultConfigurationName = Release;
		};
		D468DEBB2705AD2F00A62AF0 /* Build configuration list for PBXNativeTarget "TestOCCGEUITests" */ = {
			isa = XCConfigurationList;
			buildConfigurations = (
				D468DEBC2705AD2F00A62AF0 /* Debug */,
				D468DEBD2705AD2F00A62AF0 /* Release */,
			);
			defaultConfigurationIsVisible = 0;
			defaultConfigurationName = Release;
		};
/* End XCConfigurationList section */
	};
	rootObject = D468DE7E2705AD2C00A62AF0 /* Project object */;
}
